
Microsoft Visual Studio Solution File, Format Version 12.00
# Visual Studio Version 16
VisualStudioVersion = 16.0.31105.61
MinimumVisualStudioVersion = 10.0.40219.1
Project("{D954291E-2A0B-460D-934E-DC6B0785DB48}") = "Repaybl.Shared", "Repaybl\Repaybl.Shared\Repaybl.Shared.shproj", "{6279C845-92F8-4333-AB99-3D213163593C}"
EndProject
Project("{2150E333-8FDC-42A3-9474-1A3956D46DE8}") = "Platforms", "Platforms", "{D3120CC3-4877-4B38-95B4-E3D027AC3994}"
EndProject
Project("{FAE04EC0-301F-11D3-BF4B-00C04F79EFBC}") = "Repaybl.Droid", "Repaybl\Repaybl.Droid\Repaybl.Droid.csproj", "{7FC4B1C6-6EF8-4E1F-8EEC-72208CDB130F}"
EndProject
Project("{FAE04EC0-301F-11D3-BF4B-00C04F79EFBC}") = "Repaybl.iOS", "Repaybl\Repaybl.iOS\Repaybl.iOS.csproj", "{8F616F15-BB87-48E5-B6F0-D93FF64529DB}"
EndProject
Project("{FAE04EC0-301F-11D3-BF4B-00C04F79EFBC}") = "Repaybl.UWP", "Repaybl\Repaybl.UWP\Repaybl.UWP.csproj", "{BCC17F7B-D752-4ACC-BEA2-FC224E63D7D1}"
EndProject
Project("{FAE04EC0-301F-11D3-BF4B-00C04F79EFBC}") = "Repaybl.Wasm", "Repaybl\Repaybl.Wasm\Repaybl.Wasm.csproj", "{36EF352A-A864-4E31-834F-368C6034EF71}"
EndProject
Project("{FAE04EC0-301F-11D3-BF4B-00C04F79EFBC}") = "Repaybl.macOS", "Repaybl\Repaybl.macOS\Repaybl.macOS.csproj", "{C160FC52-462A-4612-9E5A-4AFE4D6A8F6E}"
EndProject
Project("{FAE04EC0-301F-11D3-BF4B-00C04F79EFBC}") = "Repaybl.Skia.Wpf.Host", "Repaybl\Repaybl.Skia.Wpf.Host\Repaybl.Skia.Wpf.Host.csproj", "{4A43C197-8DDF-4687-B708-777B26B51361}"
EndProject
Project("{FAE04EC0-301F-11D3-BF4B-00C04F79EFBC}") = "Repaybl.Skia.Wpf", "Repaybl\Repaybl.Skia.Wpf\Repaybl.Skia.Wpf.csproj", "{CBCF6E9F-5384-4CEF-A1AE-277A4BDADAC7}"
EndProject
Project("{FAE04EC0-301F-11D3-BF4B-00C04F79EFBC}") = "Repaybl.Skia.Gtk", "Repaybl\Repaybl.Skia.Gtk\Repaybl.Skia.Gtk.csproj", "{292A608C-8E72-438A-8EF4-A18B44A96518}"
EndProject
Project("{FAE04EC0-301F-11D3-BF4B-00C04F79EFBC}") = "Repaybl.Skia.Tizen", "Repaybl\Repaybl.Skia.Tizen\Repaybl.Skia.Tizen.csproj", "{245C6C3F-8607-44FB-9DA6-BBD5B667D1A0}"
EndProject
Project("{FAE04EC0-301F-11D3-BF4B-00C04F79EFBC}") = "Repaybl.Swag", "Repaybl.Swag\Repaybl.Swag.csproj", "{62787875-1F76-4B5E-9AC1-343755B36A56}"
EndProject
Global
	GlobalSection(SharedMSBuildProjectFiles) = preSolution
		Repaybl\Repaybl.Shared\Repaybl.Shared.projitems*{245c6c3f-8607-44fb-9da6-bbd5b667d1a0}*SharedItemsImports = 5
		Repaybl\Repaybl.Shared\Repaybl.Shared.projitems*{292a608c-8e72-438a-8ef4-a18b44a96518}*SharedItemsImports = 5
		Repaybl\Repaybl.Shared\Repaybl.Shared.projitems*{36ef352a-a864-4e31-834f-368c6034ef71}*SharedItemsImports = 5
		Repaybl\Repaybl.Shared\Repaybl.Shared.projitems*{6279c845-92f8-4333-ab99-3d213163593c}*SharedItemsImports = 13
		Repaybl\Repaybl.Shared\Repaybl.Shared.projitems*{7fc4b1c6-6ef8-4e1f-8eec-72208cdb130f}*SharedItemsImports = 4
		Repaybl\Repaybl.Shared\Repaybl.Shared.projitems*{8f616f15-bb87-48e5-b6f0-d93ff64529db}*SharedItemsImports = 4
		Repaybl\Repaybl.Shared\Repaybl.Shared.projitems*{bcc17f7b-d752-4acc-bea2-fc224e63d7d1}*SharedItemsImports = 4
		Repaybl\Repaybl.Shared\Repaybl.Shared.projitems*{c160fc52-462a-4612-9e5a-4afe4d6a8f6e}*SharedItemsImports = 4
		Repaybl\Repaybl.Shared\Repaybl.Shared.projitems*{cbcf6e9f-5384-4cef-a1ae-277a4bdadac7}*SharedItemsImports = 5
	EndGlobalSection
	GlobalSection(SolutionConfigurationPlatforms) = preSolution
		Ad-Hoc|Any CPU = Ad-Hoc|Any CPU
		Ad-Hoc|ARM = Ad-Hoc|ARM
		Ad-Hoc|ARM64 = Ad-Hoc|ARM64
		Ad-Hoc|iPhone = Ad-Hoc|iPhone
		Ad-Hoc|iPhoneSimulator = Ad-Hoc|iPhoneSimulator
		Ad-Hoc|x64 = Ad-Hoc|x64
		Ad-Hoc|x86 = Ad-Hoc|x86
		AppStore|Any CPU = AppStore|Any CPU
		AppStore|ARM = AppStore|ARM
		AppStore|ARM64 = AppStore|ARM64
		AppStore|iPhone = AppStore|iPhone
		AppStore|iPhoneSimulator = AppStore|iPhoneSimulator
		AppStore|x64 = AppStore|x64
		AppStore|x86 = AppStore|x86
		Debug|Any CPU = Debug|Any CPU
		Debug|ARM = Debug|ARM
		Debug|ARM64 = Debug|ARM64
		Debug|iPhone = Debug|iPhone
		Debug|iPhoneSimulator = Debug|iPhoneSimulator
		Debug|x64 = Debug|x64
		Debug|x86 = Debug|x86
		Release|Any CPU = Release|Any CPU
		Release|ARM = Release|ARM
		Release|ARM64 = Release|ARM64
		Release|iPhone = Release|iPhone
		Release|iPhoneSimulator = Release|iPhoneSimulator
		Release|x64 = Release|x64
		Release|x86 = Release|x86
	EndGlobalSection
	GlobalSection(ProjectConfigurationPlatforms) = postSolution
		{7FC4B1C6-6EF8-4E1F-8EEC-72208CDB130F}.Ad-Hoc|Any CPU.ActiveCfg = Debug|Any CPU
		{7FC4B1C6-6EF8-4E1F-8EEC-72208CDB130F}.Ad-Hoc|Any CPU.Build.0 = Debug|Any CPU
		{7FC4B1C6-6EF8-4E1F-8EEC-72208CDB130F}.Ad-Hoc|Any CPU.Deploy.0 = Debug|Any CPU
		{7FC4B1C6-6EF8-4E1F-8EEC-72208CDB130F}.Ad-Hoc|ARM.ActiveCfg = Debug|Any CPU
		{7FC4B1C6-6EF8-4E1F-8EEC-72208CDB130F}.Ad-Hoc|ARM.Build.0 = Debug|Any CPU
		{7FC4B1C6-6EF8-4E1F-8EEC-72208CDB130F}.Ad-Hoc|ARM.Deploy.0 = Debug|Any CPU
		{7FC4B1C6-6EF8-4E1F-8EEC-72208CDB130F}.Ad-Hoc|ARM64.ActiveCfg = Debug|Any CPU
		{7FC4B1C6-6EF8-4E1F-8EEC-72208CDB130F}.Ad-Hoc|ARM64.Build.0 = Debug|Any CPU
		{7FC4B1C6-6EF8-4E1F-8EEC-72208CDB130F}.Ad-Hoc|ARM64.Deploy.0 = Debug|Any CPU
		{7FC4B1C6-6EF8-4E1F-8EEC-72208CDB130F}.Ad-Hoc|iPhone.ActiveCfg = Debug|Any CPU
		{7FC4B1C6-6EF8-4E1F-8EEC-72208CDB130F}.Ad-Hoc|iPhone.Build.0 = Debug|Any CPU
		{7FC4B1C6-6EF8-4E1F-8EEC-72208CDB130F}.Ad-Hoc|iPhone.Deploy.0 = Debug|Any CPU
		{7FC4B1C6-6EF8-4E1F-8EEC-72208CDB130F}.Ad-Hoc|iPhoneSimulator.ActiveCfg = Debug|Any CPU
		{7FC4B1C6-6EF8-4E1F-8EEC-72208CDB130F}.Ad-Hoc|iPhoneSimulator.Build.0 = Debug|Any CPU
		{7FC4B1C6-6EF8-4E1F-8EEC-72208CDB130F}.Ad-Hoc|iPhoneSimulator.Deploy.0 = Debug|Any CPU
		{7FC4B1C6-6EF8-4E1F-8EEC-72208CDB130F}.Ad-Hoc|x64.ActiveCfg = Debug|Any CPU
		{7FC4B1C6-6EF8-4E1F-8EEC-72208CDB130F}.Ad-Hoc|x64.Build.0 = Debug|Any CPU
		{7FC4B1C6-6EF8-4E1F-8EEC-72208CDB130F}.Ad-Hoc|x64.Deploy.0 = Debug|Any CPU
		{7FC4B1C6-6EF8-4E1F-8EEC-72208CDB130F}.Ad-Hoc|x86.ActiveCfg = Debug|Any CPU
		{7FC4B1C6-6EF8-4E1F-8EEC-72208CDB130F}.Ad-Hoc|x86.Build.0 = Debug|Any CPU
		{7FC4B1C6-6EF8-4E1F-8EEC-72208CDB130F}.Ad-Hoc|x86.Deploy.0 = Debug|Any CPU
		{7FC4B1C6-6EF8-4E1F-8EEC-72208CDB130F}.AppStore|Any CPU.ActiveCfg = Debug|Any CPU
		{7FC4B1C6-6EF8-4E1F-8EEC-72208CDB130F}.AppStore|Any CPU.Build.0 = Debug|Any CPU
		{7FC4B1C6-6EF8-4E1F-8EEC-72208CDB130F}.AppStore|Any CPU.Deploy.0 = Debug|Any CPU
		{7FC4B1C6-6EF8-4E1F-8EEC-72208CDB130F}.AppStore|ARM.ActiveCfg = Debug|Any CPU
		{7FC4B1C6-6EF8-4E1F-8EEC-72208CDB130F}.AppStore|ARM.Build.0 = Debug|Any CPU
		{7FC4B1C6-6EF8-4E1F-8EEC-72208CDB130F}.AppStore|ARM.Deploy.0 = Debug|Any CPU
		{7FC4B1C6-6EF8-4E1F-8EEC-72208CDB130F}.AppStore|ARM64.ActiveCfg = Debug|Any CPU
		{7FC4B1C6-6EF8-4E1F-8EEC-72208CDB130F}.AppStore|ARM64.Build.0 = Debug|Any CPU
		{7FC4B1C6-6EF8-4E1F-8EEC-72208CDB130F}.AppStore|ARM64.Deploy.0 = Debug|Any CPU
		{7FC4B1C6-6EF8-4E1F-8EEC-72208CDB130F}.AppStore|iPhone.ActiveCfg = Debug|Any CPU
		{7FC4B1C6-6EF8-4E1F-8EEC-72208CDB130F}.AppStore|iPhone.Build.0 = Debug|Any CPU
		{7FC4B1C6-6EF8-4E1F-8EEC-72208CDB130F}.AppStore|iPhone.Deploy.0 = Debug|Any CPU
		{7FC4B1C6-6EF8-4E1F-8EEC-72208CDB130F}.AppStore|iPhoneSimulator.ActiveCfg = Debug|Any CPU
		{7FC4B1C6-6EF8-4E1F-8EEC-72208CDB130F}.AppStore|iPhoneSimulator.Build.0 = Debug|Any CPU
		{7FC4B1C6-6EF8-4E1F-8EEC-72208CDB130F}.AppStore|iPhoneSimulator.Deploy.0 = Debug|Any CPU
		{7FC4B1C6-6EF8-4E1F-8EEC-72208CDB130F}.AppStore|x64.ActiveCfg = Debug|Any CPU
		{7FC4B1C6-6EF8-4E1F-8EEC-72208CDB130F}.AppStore|x64.Build.0 = Debug|Any CPU
		{7FC4B1C6-6EF8-4E1F-8EEC-72208CDB130F}.AppStore|x64.Deploy.0 = Debug|Any CPU
		{7FC4B1C6-6EF8-4E1F-8EEC-72208CDB130F}.AppStore|x86.ActiveCfg = Debug|Any CPU
		{7FC4B1C6-6EF8-4E1F-8EEC-72208CDB130F}.AppStore|x86.Build.0 = Debug|Any CPU
		{7FC4B1C6-6EF8-4E1F-8EEC-72208CDB130F}.AppStore|x86.Deploy.0 = Debug|Any CPU
		{7FC4B1C6-6EF8-4E1F-8EEC-72208CDB130F}.Debug|Any CPU.ActiveCfg = Debug|Any CPU
		{7FC4B1C6-6EF8-4E1F-8EEC-72208CDB130F}.Debug|Any CPU.Build.0 = Debug|Any CPU
		{7FC4B1C6-6EF8-4E1F-8EEC-72208CDB130F}.Debug|Any CPU.Deploy.0 = Debug|Any CPU
		{7FC4B1C6-6EF8-4E1F-8EEC-72208CDB130F}.Debug|ARM.ActiveCfg = Debug|Any CPU
		{7FC4B1C6-6EF8-4E1F-8EEC-72208CDB130F}.Debug|ARM.Build.0 = Debug|Any CPU
		{7FC4B1C6-6EF8-4E1F-8EEC-72208CDB130F}.Debug|ARM.Deploy.0 = Debug|Any CPU
		{7FC4B1C6-6EF8-4E1F-8EEC-72208CDB130F}.Debug|ARM64.ActiveCfg = Debug|Any CPU
		{7FC4B1C6-6EF8-4E1F-8EEC-72208CDB130F}.Debug|ARM64.Build.0 = Debug|Any CPU
		{7FC4B1C6-6EF8-4E1F-8EEC-72208CDB130F}.Debug|ARM64.Deploy.0 = Debug|Any CPU
		{7FC4B1C6-6EF8-4E1F-8EEC-72208CDB130F}.Debug|iPhone.ActiveCfg = Debug|Any CPU
		{7FC4B1C6-6EF8-4E1F-8EEC-72208CDB130F}.Debug|iPhone.Build.0 = Debug|Any CPU
		{7FC4B1C6-6EF8-4E1F-8EEC-72208CDB130F}.Debug|iPhone.Deploy.0 = Debug|Any CPU
		{7FC4B1C6-6EF8-4E1F-8EEC-72208CDB130F}.Debug|iPhoneSimulator.ActiveCfg = Debug|Any CPU
		{7FC4B1C6-6EF8-4E1F-8EEC-72208CDB130F}.Debug|iPhoneSimulator.Build.0 = Debug|Any CPU
		{7FC4B1C6-6EF8-4E1F-8EEC-72208CDB130F}.Debug|iPhoneSimulator.Deploy.0 = Debug|Any CPU
		{7FC4B1C6-6EF8-4E1F-8EEC-72208CDB130F}.Debug|x64.ActiveCfg = Debug|Any CPU
		{7FC4B1C6-6EF8-4E1F-8EEC-72208CDB130F}.Debug|x64.Build.0 = Debug|Any CPU
		{7FC4B1C6-6EF8-4E1F-8EEC-72208CDB130F}.Debug|x64.Deploy.0 = Debug|Any CPU
		{7FC4B1C6-6EF8-4E1F-8EEC-72208CDB130F}.Debug|x86.ActiveCfg = Debug|Any CPU
		{7FC4B1C6-6EF8-4E1F-8EEC-72208CDB130F}.Debug|x86.Build.0 = Debug|Any CPU
		{7FC4B1C6-6EF8-4E1F-8EEC-72208CDB130F}.Debug|x86.Deploy.0 = Debug|Any CPU
		{7FC4B1C6-6EF8-4E1F-8EEC-72208CDB130F}.Release|Any CPU.ActiveCfg = Release|Any CPU
		{7FC4B1C6-6EF8-4E1F-8EEC-72208CDB130F}.Release|Any CPU.Build.0 = Release|Any CPU
		{7FC4B1C6-6EF8-4E1F-8EEC-72208CDB130F}.Release|Any CPU.Deploy.0 = Release|Any CPU
		{7FC4B1C6-6EF8-4E1F-8EEC-72208CDB130F}.Release|ARM.ActiveCfg = Release|Any CPU
		{7FC4B1C6-6EF8-4E1F-8EEC-72208CDB130F}.Release|ARM.Build.0 = Release|Any CPU
		{7FC4B1C6-6EF8-4E1F-8EEC-72208CDB130F}.Release|ARM.Deploy.0 = Release|Any CPU
		{7FC4B1C6-6EF8-4E1F-8EEC-72208CDB130F}.Release|ARM64.ActiveCfg = Release|Any CPU
		{7FC4B1C6-6EF8-4E1F-8EEC-72208CDB130F}.Release|ARM64.Build.0 = Release|Any CPU
		{7FC4B1C6-6EF8-4E1F-8EEC-72208CDB130F}.Release|ARM64.Deploy.0 = Release|Any CPU
		{7FC4B1C6-6EF8-4E1F-8EEC-72208CDB130F}.Release|iPhone.ActiveCfg = Release|Any CPU
		{7FC4B1C6-6EF8-4E1F-8EEC-72208CDB130F}.Release|iPhone.Build.0 = Release|Any CPU
		{7FC4B1C6-6EF8-4E1F-8EEC-72208CDB130F}.Release|iPhone.Deploy.0 = Release|Any CPU
		{7FC4B1C6-6EF8-4E1F-8EEC-72208CDB130F}.Release|iPhoneSimulator.ActiveCfg = Release|Any CPU
		{7FC4B1C6-6EF8-4E1F-8EEC-72208CDB130F}.Release|iPhoneSimulator.Build.0 = Release|Any CPU
		{7FC4B1C6-6EF8-4E1F-8EEC-72208CDB130F}.Release|iPhoneSimulator.Deploy.0 = Release|Any CPU
		{7FC4B1C6-6EF8-4E1F-8EEC-72208CDB130F}.Release|x64.ActiveCfg = Release|Any CPU
		{7FC4B1C6-6EF8-4E1F-8EEC-72208CDB130F}.Release|x64.Build.0 = Release|Any CPU
		{7FC4B1C6-6EF8-4E1F-8EEC-72208CDB130F}.Release|x64.Deploy.0 = Release|Any CPU
		{7FC4B1C6-6EF8-4E1F-8EEC-72208CDB130F}.Release|x86.ActiveCfg = Release|Any CPU
		{7FC4B1C6-6EF8-4E1F-8EEC-72208CDB130F}.Release|x86.Build.0 = Release|Any CPU
		{7FC4B1C6-6EF8-4E1F-8EEC-72208CDB130F}.Release|x86.Deploy.0 = Release|Any CPU
		{8F616F15-BB87-48E5-B6F0-D93FF64529DB}.Ad-Hoc|Any CPU.ActiveCfg = Ad-Hoc|iPhoneSimulator
		{8F616F15-BB87-48E5-B6F0-D93FF64529DB}.Ad-Hoc|ARM.ActiveCfg = Ad-Hoc|iPhoneSimulator
		{8F616F15-BB87-48E5-B6F0-D93FF64529DB}.Ad-Hoc|ARM64.ActiveCfg = Ad-Hoc|iPhoneSimulator
		{8F616F15-BB87-48E5-B6F0-D93FF64529DB}.Ad-Hoc|iPhone.ActiveCfg = Ad-Hoc|iPhone
		{8F616F15-BB87-48E5-B6F0-D93FF64529DB}.Ad-Hoc|iPhone.Build.0 = Ad-Hoc|iPhone
		{8F616F15-BB87-48E5-B6F0-D93FF64529DB}.Ad-Hoc|iPhoneSimulator.ActiveCfg = Ad-Hoc|iPhoneSimulator
		{8F616F15-BB87-48E5-B6F0-D93FF64529DB}.Ad-Hoc|iPhoneSimulator.Build.0 = Ad-Hoc|iPhoneSimulator
		{8F616F15-BB87-48E5-B6F0-D93FF64529DB}.Ad-Hoc|x64.ActiveCfg = Ad-Hoc|iPhoneSimulator
		{8F616F15-BB87-48E5-B6F0-D93FF64529DB}.Ad-Hoc|x86.ActiveCfg = Ad-Hoc|iPhoneSimulator
		{8F616F15-BB87-48E5-B6F0-D93FF64529DB}.AppStore|Any CPU.ActiveCfg = AppStore|iPhoneSimulator
		{8F616F15-BB87-48E5-B6F0-D93FF64529DB}.AppStore|ARM.ActiveCfg = AppStore|iPhoneSimulator
		{8F616F15-BB87-48E5-B6F0-D93FF64529DB}.AppStore|ARM64.ActiveCfg = AppStore|iPhoneSimulator
		{8F616F15-BB87-48E5-B6F0-D93FF64529DB}.AppStore|iPhone.ActiveCfg = AppStore|iPhone
		{8F616F15-BB87-48E5-B6F0-D93FF64529DB}.AppStore|iPhone.Build.0 = AppStore|iPhone
		{8F616F15-BB87-48E5-B6F0-D93FF64529DB}.AppStore|iPhoneSimulator.ActiveCfg = AppStore|iPhoneSimulator
		{8F616F15-BB87-48E5-B6F0-D93FF64529DB}.AppStore|iPhoneSimulator.Build.0 = AppStore|iPhoneSimulator
		{8F616F15-BB87-48E5-B6F0-D93FF64529DB}.AppStore|x64.ActiveCfg = AppStore|iPhoneSimulator
		{8F616F15-BB87-48E5-B6F0-D93FF64529DB}.AppStore|x86.ActiveCfg = AppStore|iPhoneSimulator
		{8F616F15-BB87-48E5-B6F0-D93FF64529DB}.Debug|Any CPU.ActiveCfg = Debug|iPhoneSimulator
		{8F616F15-BB87-48E5-B6F0-D93FF64529DB}.Debug|ARM.ActiveCfg = Debug|iPhoneSimulator
		{8F616F15-BB87-48E5-B6F0-D93FF64529DB}.Debug|ARM64.ActiveCfg = Debug|iPhoneSimulator
		{8F616F15-BB87-48E5-B6F0-D93FF64529DB}.Debug|iPhone.ActiveCfg = Debug|iPhone
		{8F616F15-BB87-48E5-B6F0-D93FF64529DB}.Debug|iPhone.Build.0 = Debug|iPhone
		{8F616F15-BB87-48E5-B6F0-D93FF64529DB}.Debug|iPhoneSimulator.ActiveCfg = Debug|iPhoneSimulator
		{8F616F15-BB87-48E5-B6F0-D93FF64529DB}.Debug|iPhoneSimulator.Build.0 = Debug|iPhoneSimulator
		{8F616F15-BB87-48E5-B6F0-D93FF64529DB}.Debug|x64.ActiveCfg = Debug|iPhoneSimulator
		{8F616F15-BB87-48E5-B6F0-D93FF64529DB}.Debug|x86.ActiveCfg = Debug|iPhoneSimulator
		{8F616F15-BB87-48E5-B6F0-D93FF64529DB}.Release|Any CPU.ActiveCfg = Release|iPhoneSimulator
		{8F616F15-BB87-48E5-B6F0-D93FF64529DB}.Release|ARM.ActiveCfg = Release|iPhoneSimulator
		{8F616F15-BB87-48E5-B6F0-D93FF64529DB}.Release|ARM64.ActiveCfg = Release|iPhoneSimulator
		{8F616F15-BB87-48E5-B6F0-D93FF64529DB}.Release|iPhone.ActiveCfg = Release|iPhone
		{8F616F15-BB87-48E5-B6F0-D93FF64529DB}.Release|iPhone.Build.0 = Release|iPhone
		{8F616F15-BB87-48E5-B6F0-D93FF64529DB}.Release|iPhoneSimulator.ActiveCfg = Release|iPhoneSimulator
		{8F616F15-BB87-48E5-B6F0-D93FF64529DB}.Release|iPhoneSimulator.Build.0 = Release|iPhoneSimulator
		{8F616F15-BB87-48E5-B6F0-D93FF64529DB}.Release|x64.ActiveCfg = Release|iPhoneSimulator
		{8F616F15-BB87-48E5-B6F0-D93FF64529DB}.Release|x86.ActiveCfg = Release|iPhoneSimulator
		{BCC17F7B-D752-4ACC-BEA2-FC224E63D7D1}.Ad-Hoc|Any CPU.ActiveCfg = Debug|x86
		{BCC17F7B-D752-4ACC-BEA2-FC224E63D7D1}.Ad-Hoc|Any CPU.Build.0 = Debug|x86
		{BCC17F7B-D752-4ACC-BEA2-FC224E63D7D1}.Ad-Hoc|Any CPU.Deploy.0 = Debug|x86
		{BCC17F7B-D752-4ACC-BEA2-FC224E63D7D1}.Ad-Hoc|ARM.ActiveCfg = Debug|ARM
		{BCC17F7B-D752-4ACC-BEA2-FC224E63D7D1}.Ad-Hoc|ARM.Build.0 = Debug|ARM
		{BCC17F7B-D752-4ACC-BEA2-FC224E63D7D1}.Ad-Hoc|ARM.Deploy.0 = Debug|ARM
		{BCC17F7B-D752-4ACC-BEA2-FC224E63D7D1}.Ad-Hoc|ARM64.ActiveCfg = Debug|ARM64
		{BCC17F7B-D752-4ACC-BEA2-FC224E63D7D1}.Ad-Hoc|ARM64.Build.0 = Debug|ARM64
		{BCC17F7B-D752-4ACC-BEA2-FC224E63D7D1}.Ad-Hoc|ARM64.Deploy.0 = Debug|ARM64
		{BCC17F7B-D752-4ACC-BEA2-FC224E63D7D1}.Ad-Hoc|iPhone.ActiveCfg = Debug|x86
		{BCC17F7B-D752-4ACC-BEA2-FC224E63D7D1}.Ad-Hoc|iPhone.Build.0 = Debug|x86
		{BCC17F7B-D752-4ACC-BEA2-FC224E63D7D1}.Ad-Hoc|iPhone.Deploy.0 = Debug|x86
		{BCC17F7B-D752-4ACC-BEA2-FC224E63D7D1}.Ad-Hoc|iPhoneSimulator.ActiveCfg = Debug|x86
		{BCC17F7B-D752-4ACC-BEA2-FC224E63D7D1}.Ad-Hoc|iPhoneSimulator.Build.0 = Debug|x86
		{BCC17F7B-D752-4ACC-BEA2-FC224E63D7D1}.Ad-Hoc|iPhoneSimulator.Deploy.0 = Debug|x86
		{BCC17F7B-D752-4ACC-BEA2-FC224E63D7D1}.Ad-Hoc|x64.ActiveCfg = Debug|x64
		{BCC17F7B-D752-4ACC-BEA2-FC224E63D7D1}.Ad-Hoc|x64.Build.0 = Debug|x64
		{BCC17F7B-D752-4ACC-BEA2-FC224E63D7D1}.Ad-Hoc|x64.Deploy.0 = Debug|x64
		{BCC17F7B-D752-4ACC-BEA2-FC224E63D7D1}.Ad-Hoc|x86.ActiveCfg = Debug|x86
		{BCC17F7B-D752-4ACC-BEA2-FC224E63D7D1}.Ad-Hoc|x86.Build.0 = Debug|x86
		{BCC17F7B-D752-4ACC-BEA2-FC224E63D7D1}.Ad-Hoc|x86.Deploy.0 = Debug|x86
		{BCC17F7B-D752-4ACC-BEA2-FC224E63D7D1}.AppStore|Any CPU.ActiveCfg = Debug|x86
		{BCC17F7B-D752-4ACC-BEA2-FC224E63D7D1}.AppStore|Any CPU.Build.0 = Debug|x86
		{BCC17F7B-D752-4ACC-BEA2-FC224E63D7D1}.AppStore|Any CPU.Deploy.0 = Debug|x86
		{BCC17F7B-D752-4ACC-BEA2-FC224E63D7D1}.AppStore|ARM.ActiveCfg = Debug|ARM
		{BCC17F7B-D752-4ACC-BEA2-FC224E63D7D1}.AppStore|ARM.Build.0 = Debug|ARM
		{BCC17F7B-D752-4ACC-BEA2-FC224E63D7D1}.AppStore|ARM.Deploy.0 = Debug|ARM
		{BCC17F7B-D752-4ACC-BEA2-FC224E63D7D1}.AppStore|ARM64.ActiveCfg = Debug|ARM64
		{BCC17F7B-D752-4ACC-BEA2-FC224E63D7D1}.AppStore|ARM64.Build.0 = Debug|ARM64
		{BCC17F7B-D752-4ACC-BEA2-FC224E63D7D1}.AppStore|ARM64.Deploy.0 = Debug|ARM64
		{BCC17F7B-D752-4ACC-BEA2-FC224E63D7D1}.AppStore|iPhone.ActiveCfg = Debug|x86
		{BCC17F7B-D752-4ACC-BEA2-FC224E63D7D1}.AppStore|iPhone.Build.0 = Debug|x86
		{BCC17F7B-D752-4ACC-BEA2-FC224E63D7D1}.AppStore|iPhone.Deploy.0 = Debug|x86
		{BCC17F7B-D752-4ACC-BEA2-FC224E63D7D1}.AppStore|iPhoneSimulator.ActiveCfg = Debug|x86
		{BCC17F7B-D752-4ACC-BEA2-FC224E63D7D1}.AppStore|iPhoneSimulator.Build.0 = Debug|x86
		{BCC17F7B-D752-4ACC-BEA2-FC224E63D7D1}.AppStore|iPhoneSimulator.Deploy.0 = Debug|x86
		{BCC17F7B-D752-4ACC-BEA2-FC224E63D7D1}.AppStore|x64.ActiveCfg = Debug|x64
		{BCC17F7B-D752-4ACC-BEA2-FC224E63D7D1}.AppStore|x64.Build.0 = Debug|x64
		{BCC17F7B-D752-4ACC-BEA2-FC224E63D7D1}.AppStore|x64.Deploy.0 = Debug|x64
		{BCC17F7B-D752-4ACC-BEA2-FC224E63D7D1}.AppStore|x86.ActiveCfg = Debug|x86
		{BCC17F7B-D752-4ACC-BEA2-FC224E63D7D1}.AppStore|x86.Build.0 = Debug|x86
		{BCC17F7B-D752-4ACC-BEA2-FC224E63D7D1}.AppStore|x86.Deploy.0 = Debug|x86
		{BCC17F7B-D752-4ACC-BEA2-FC224E63D7D1}.Debug|Any CPU.ActiveCfg = Debug|x86
		{BCC17F7B-D752-4ACC-BEA2-FC224E63D7D1}.Debug|Any CPU.Build.0 = Debug|x86
		{BCC17F7B-D752-4ACC-BEA2-FC224E63D7D1}.Debug|Any CPU.Deploy.0 = Debug|x86
		{BCC17F7B-D752-4ACC-BEA2-FC224E63D7D1}.Debug|ARM.ActiveCfg = Debug|ARM
		{BCC17F7B-D752-4ACC-BEA2-FC224E63D7D1}.Debug|ARM.Build.0 = Debug|ARM
		{BCC17F7B-D752-4ACC-BEA2-FC224E63D7D1}.Debug|ARM.Deploy.0 = Debug|ARM
		{BCC17F7B-D752-4ACC-BEA2-FC224E63D7D1}.Debug|ARM64.ActiveCfg = Debug|ARM64
		{BCC17F7B-D752-4ACC-BEA2-FC224E63D7D1}.Debug|ARM64.Build.0 = Debug|ARM64
		{BCC17F7B-D752-4ACC-BEA2-FC224E63D7D1}.Debug|ARM64.Deploy.0 = Debug|ARM64
		{BCC17F7B-D752-4ACC-BEA2-FC224E63D7D1}.Debug|iPhone.ActiveCfg = Debug|x86
		{BCC17F7B-D752-4ACC-BEA2-FC224E63D7D1}.Debug|iPhoneSimulator.ActiveCfg = Debug|x86
		{BCC17F7B-D752-4ACC-BEA2-FC224E63D7D1}.Debug|x64.ActiveCfg = Debug|x64
		{BCC17F7B-D752-4ACC-BEA2-FC224E63D7D1}.Debug|x64.Build.0 = Debug|x64
		{BCC17F7B-D752-4ACC-BEA2-FC224E63D7D1}.Debug|x64.Deploy.0 = Debug|x64
		{BCC17F7B-D752-4ACC-BEA2-FC224E63D7D1}.Debug|x86.ActiveCfg = Debug|x86
		{BCC17F7B-D752-4ACC-BEA2-FC224E63D7D1}.Debug|x86.Build.0 = Debug|x86
		{BCC17F7B-D752-4ACC-BEA2-FC224E63D7D1}.Debug|x86.Deploy.0 = Debug|x86
		{BCC17F7B-D752-4ACC-BEA2-FC224E63D7D1}.Release|Any CPU.ActiveCfg = Release|x86
		{BCC17F7B-D752-4ACC-BEA2-FC224E63D7D1}.Release|ARM.ActiveCfg = Release|ARM
		{BCC17F7B-D752-4ACC-BEA2-FC224E63D7D1}.Release|ARM.Build.0 = Release|ARM
		{BCC17F7B-D752-4ACC-BEA2-FC224E63D7D1}.Release|ARM.Deploy.0 = Release|ARM
		{BCC17F7B-D752-4ACC-BEA2-FC224E63D7D1}.Release|ARM64.ActiveCfg = Release|ARM64
		{BCC17F7B-D752-4ACC-BEA2-FC224E63D7D1}.Release|ARM64.Build.0 = Release|ARM64
		{BCC17F7B-D752-4ACC-BEA2-FC224E63D7D1}.Release|ARM64.Deploy.0 = Release|ARM64
		{BCC17F7B-D752-4ACC-BEA2-FC224E63D7D1}.Release|iPhone.ActiveCfg = Release|x86
		{BCC17F7B-D752-4ACC-BEA2-FC224E63D7D1}.Release|iPhoneSimulator.ActiveCfg = Release|x86
		{BCC17F7B-D752-4ACC-BEA2-FC224E63D7D1}.Release|x64.ActiveCfg = Release|x64
		{BCC17F7B-D752-4ACC-BEA2-FC224E63D7D1}.Release|x64.Build.0 = Release|x64
		{BCC17F7B-D752-4ACC-BEA2-FC224E63D7D1}.Release|x64.Deploy.0 = Release|x64
		{BCC17F7B-D752-4ACC-BEA2-FC224E63D7D1}.Release|x86.ActiveCfg = Release|x86
		{BCC17F7B-D752-4ACC-BEA2-FC224E63D7D1}.Release|x86.Build.0 = Release|x86
		{BCC17F7B-D752-4ACC-BEA2-FC224E63D7D1}.Release|x86.Deploy.0 = Release|x86
		{36EF352A-A864-4E31-834F-368C6034EF71}.Ad-Hoc|Any CPU.ActiveCfg = Debug|Any CPU
		{36EF352A-A864-4E31-834F-368C6034EF71}.Ad-Hoc|Any CPU.Build.0 = Debug|Any CPU
		{36EF352A-A864-4E31-834F-368C6034EF71}.Ad-Hoc|ARM.ActiveCfg = Debug|Any CPU
		{36EF352A-A864-4E31-834F-368C6034EF71}.Ad-Hoc|ARM.Build.0 = Debug|Any CPU
		{36EF352A-A864-4E31-834F-368C6034EF71}.Ad-Hoc|ARM64.ActiveCfg = Debug|Any CPU
		{36EF352A-A864-4E31-834F-368C6034EF71}.Ad-Hoc|ARM64.Build.0 = Debug|Any CPU
		{36EF352A-A864-4E31-834F-368C6034EF71}.Ad-Hoc|iPhone.ActiveCfg = Debug|Any CPU
		{36EF352A-A864-4E31-834F-368C6034EF71}.Ad-Hoc|iPhone.Build.0 = Debug|Any CPU
		{36EF352A-A864-4E31-834F-368C6034EF71}.Ad-Hoc|iPhoneSimulator.ActiveCfg = Debug|Any CPU
		{36EF352A-A864-4E31-834F-368C6034EF71}.Ad-Hoc|iPhoneSimulator.Build.0 = Debug|Any CPU
		{36EF352A-A864-4E31-834F-368C6034EF71}.Ad-Hoc|x64.ActiveCfg = Debug|Any CPU
		{36EF352A-A864-4E31-834F-368C6034EF71}.Ad-Hoc|x64.Build.0 = Debug|Any CPU
		{36EF352A-A864-4E31-834F-368C6034EF71}.Ad-Hoc|x86.ActiveCfg = Debug|Any CPU
		{36EF352A-A864-4E31-834F-368C6034EF71}.Ad-Hoc|x86.Build.0 = Debug|Any CPU
		{36EF352A-A864-4E31-834F-368C6034EF71}.AppStore|Any CPU.ActiveCfg = Debug|Any CPU
		{36EF352A-A864-4E31-834F-368C6034EF71}.AppStore|Any CPU.Build.0 = Debug|Any CPU
		{36EF352A-A864-4E31-834F-368C6034EF71}.AppStore|ARM.ActiveCfg = Debug|Any CPU
		{36EF352A-A864-4E31-834F-368C6034EF71}.AppStore|ARM.Build.0 = Debug|Any CPU
		{36EF352A-A864-4E31-834F-368C6034EF71}.AppStore|ARM64.ActiveCfg = Debug|Any CPU
		{36EF352A-A864-4E31-834F-368C6034EF71}.AppStore|ARM64.Build.0 = Debug|Any CPU
		{36EF352A-A864-4E31-834F-368C6034EF71}.AppStore|iPhone.ActiveCfg = Debug|Any CPU
		{36EF352A-A864-4E31-834F-368C6034EF71}.AppStore|iPhone.Build.0 = Debug|Any CPU
		{36EF352A-A864-4E31-834F-368C6034EF71}.AppStore|iPhoneSimulator.ActiveCfg = Debug|Any CPU
		{36EF352A-A864-4E31-834F-368C6034EF71}.AppStore|iPhoneSimulator.Build.0 = Debug|Any CPU
		{36EF352A-A864-4E31-834F-368C6034EF71}.AppStore|x64.ActiveCfg = Debug|Any CPU
		{36EF352A-A864-4E31-834F-368C6034EF71}.AppStore|x64.Build.0 = Debug|Any CPU
		{36EF352A-A864-4E31-834F-368C6034EF71}.AppStore|x86.ActiveCfg = Debug|Any CPU
		{36EF352A-A864-4E31-834F-368C6034EF71}.AppStore|x86.Build.0 = Debug|Any CPU
		{36EF352A-A864-4E31-834F-368C6034EF71}.Debug|Any CPU.ActiveCfg = Debug|Any CPU
		{36EF352A-A864-4E31-834F-368C6034EF71}.Debug|Any CPU.Build.0 = Debug|Any CPU
		{36EF352A-A864-4E31-834F-368C6034EF71}.Debug|ARM.ActiveCfg = Debug|Any CPU
		{36EF352A-A864-4E31-834F-368C6034EF71}.Debug|ARM.Build.0 = Debug|Any CPU
		{36EF352A-A864-4E31-834F-368C6034EF71}.Debug|ARM64.ActiveCfg = Debug|Any CPU
		{36EF352A-A864-4E31-834F-368C6034EF71}.Debug|ARM64.Build.0 = Debug|Any CPU
		{36EF352A-A864-4E31-834F-368C6034EF71}.Debug|iPhone.ActiveCfg = Debug|Any CPU
		{36EF352A-A864-4E31-834F-368C6034EF71}.Debug|iPhone.Build.0 = Debug|Any CPU
		{36EF352A-A864-4E31-834F-368C6034EF71}.Debug|iPhoneSimulator.ActiveCfg = Debug|Any CPU
		{36EF352A-A864-4E31-834F-368C6034EF71}.Debug|iPhoneSimulator.Build.0 = Debug|Any CPU
		{36EF352A-A864-4E31-834F-368C6034EF71}.Debug|x64.ActiveCfg = Debug|Any CPU
		{36EF352A-A864-4E31-834F-368C6034EF71}.Debug|x64.Build.0 = Debug|Any CPU
		{36EF352A-A864-4E31-834F-368C6034EF71}.Debug|x86.ActiveCfg = Debug|Any CPU
		{36EF352A-A864-4E31-834F-368C6034EF71}.Debug|x86.Build.0 = Debug|Any CPU
		{36EF352A-A864-4E31-834F-368C6034EF71}.Release|Any CPU.ActiveCfg = Release|Any CPU
		{36EF352A-A864-4E31-834F-368C6034EF71}.Release|Any CPU.Build.0 = Release|Any CPU
		{36EF352A-A864-4E31-834F-368C6034EF71}.Release|ARM.ActiveCfg = Release|Any CPU
		{36EF352A-A864-4E31-834F-368C6034EF71}.Release|ARM.Build.0 = Release|Any CPU
		{36EF352A-A864-4E31-834F-368C6034EF71}.Release|ARM64.ActiveCfg = Release|Any CPU
		{36EF352A-A864-4E31-834F-368C6034EF71}.Release|ARM64.Build.0 = Release|Any CPU
		{36EF352A-A864-4E31-834F-368C6034EF71}.Release|iPhone.ActiveCfg = Release|Any CPU
		{36EF352A-A864-4E31-834F-368C6034EF71}.Release|iPhone.Build.0 = Release|Any CPU
		{36EF352A-A864-4E31-834F-368C6034EF71}.Release|iPhoneSimulator.ActiveCfg = Release|Any CPU
		{36EF352A-A864-4E31-834F-368C6034EF71}.Release|iPhoneSimulator.Build.0 = Release|Any CPU
		{36EF352A-A864-4E31-834F-368C6034EF71}.Release|x64.ActiveCfg = Release|Any CPU
		{36EF352A-A864-4E31-834F-368C6034EF71}.Release|x64.Build.0 = Release|Any CPU
		{36EF352A-A864-4E31-834F-368C6034EF71}.Release|x86.ActiveCfg = Release|Any CPU
		{36EF352A-A864-4E31-834F-368C6034EF71}.Release|x86.Build.0 = Release|Any CPU
		{C160FC52-462A-4612-9E5A-4AFE4D6A8F6E}.Ad-Hoc|Any CPU.ActiveCfg = Debug|iPhoneSimulator
		{C160FC52-462A-4612-9E5A-4AFE4D6A8F6E}.Ad-Hoc|Any CPU.Build.0 = Debug|iPhoneSimulator
		{C160FC52-462A-4612-9E5A-4AFE4D6A8F6E}.Ad-Hoc|ARM.ActiveCfg = Debug|iPhoneSimulator
		{C160FC52-462A-4612-9E5A-4AFE4D6A8F6E}.Ad-Hoc|ARM.Build.0 = Debug|iPhoneSimulator
		{C160FC52-462A-4612-9E5A-4AFE4D6A8F6E}.Ad-Hoc|ARM64.ActiveCfg = Debug|iPhoneSimulator
		{C160FC52-462A-4612-9E5A-4AFE4D6A8F6E}.Ad-Hoc|ARM64.Build.0 = Debug|iPhoneSimulator
		{C160FC52-462A-4612-9E5A-4AFE4D6A8F6E}.Ad-Hoc|iPhone.ActiveCfg = Debug|iPhoneSimulator
		{C160FC52-462A-4612-9E5A-4AFE4D6A8F6E}.Ad-Hoc|iPhone.Build.0 = Debug|iPhoneSimulator
		{C160FC52-462A-4612-9E5A-4AFE4D6A8F6E}.Ad-Hoc|iPhoneSimulator.ActiveCfg = Debug|iPhoneSimulator
		{C160FC52-462A-4612-9E5A-4AFE4D6A8F6E}.Ad-Hoc|iPhoneSimulator.Build.0 = Debug|iPhoneSimulator
		{C160FC52-462A-4612-9E5A-4AFE4D6A8F6E}.Ad-Hoc|x64.ActiveCfg = Debug|iPhoneSimulator
		{C160FC52-462A-4612-9E5A-4AFE4D6A8F6E}.Ad-Hoc|x64.Build.0 = Debug|iPhoneSimulator
		{C160FC52-462A-4612-9E5A-4AFE4D6A8F6E}.Ad-Hoc|x86.ActiveCfg = Debug|iPhoneSimulator
		{C160FC52-462A-4612-9E5A-4AFE4D6A8F6E}.Ad-Hoc|x86.Build.0 = Debug|iPhoneSimulator
		{C160FC52-462A-4612-9E5A-4AFE4D6A8F6E}.AppStore|Any CPU.ActiveCfg = Debug|iPhoneSimulator
		{C160FC52-462A-4612-9E5A-4AFE4D6A8F6E}.AppStore|Any CPU.Build.0 = Debug|iPhoneSimulator
		{C160FC52-462A-4612-9E5A-4AFE4D6A8F6E}.AppStore|ARM.ActiveCfg = Debug|iPhoneSimulator
		{C160FC52-462A-4612-9E5A-4AFE4D6A8F6E}.AppStore|ARM.Build.0 = Debug|iPhoneSimulator
		{C160FC52-462A-4612-9E5A-4AFE4D6A8F6E}.AppStore|ARM64.ActiveCfg = Debug|iPhoneSimulator
		{C160FC52-462A-4612-9E5A-4AFE4D6A8F6E}.AppStore|ARM64.Build.0 = Debug|iPhoneSimulator
		{C160FC52-462A-4612-9E5A-4AFE4D6A8F6E}.AppStore|iPhone.ActiveCfg = Debug|iPhoneSimulator
		{C160FC52-462A-4612-9E5A-4AFE4D6A8F6E}.AppStore|iPhone.Build.0 = Debug|iPhoneSimulator
		{C160FC52-462A-4612-9E5A-4AFE4D6A8F6E}.AppStore|iPhoneSimulator.ActiveCfg = Debug|iPhoneSimulator
		{C160FC52-462A-4612-9E5A-4AFE4D6A8F6E}.AppStore|iPhoneSimulator.Build.0 = Debug|iPhoneSimulator
		{C160FC52-462A-4612-9E5A-4AFE4D6A8F6E}.AppStore|x64.ActiveCfg = Debug|iPhoneSimulator
		{C160FC52-462A-4612-9E5A-4AFE4D6A8F6E}.AppStore|x64.Build.0 = Debug|iPhoneSimulator
		{C160FC52-462A-4612-9E5A-4AFE4D6A8F6E}.AppStore|x86.ActiveCfg = Debug|iPhoneSimulator
		{C160FC52-462A-4612-9E5A-4AFE4D6A8F6E}.AppStore|x86.Build.0 = Debug|iPhoneSimulator
		{C160FC52-462A-4612-9E5A-4AFE4D6A8F6E}.Debug|Any CPU.ActiveCfg = Debug|iPhoneSimulator
		{C160FC52-462A-4612-9E5A-4AFE4D6A8F6E}.Debug|ARM.ActiveCfg = Debug|iPhoneSimulator
		{C160FC52-462A-4612-9E5A-4AFE4D6A8F6E}.Debug|ARM64.ActiveCfg = Debug|iPhoneSimulator
		{C160FC52-462A-4612-9E5A-4AFE4D6A8F6E}.Debug|iPhone.ActiveCfg = Debug|iPhoneSimulator
		{C160FC52-462A-4612-9E5A-4AFE4D6A8F6E}.Debug|iPhoneSimulator.ActiveCfg = Debug|iPhoneSimulator
		{C160FC52-462A-4612-9E5A-4AFE4D6A8F6E}.Debug|iPhoneSimulator.Build.0 = Debug|iPhoneSimulator
		{C160FC52-462A-4612-9E5A-4AFE4D6A8F6E}.Debug|x64.ActiveCfg = Debug|iPhoneSimulator
		{C160FC52-462A-4612-9E5A-4AFE4D6A8F6E}.Debug|x86.ActiveCfg = Debug|iPhoneSimulator
		{C160FC52-462A-4612-9E5A-4AFE4D6A8F6E}.Release|Any CPU.ActiveCfg = Release|iPhoneSimulator
		{C160FC52-462A-4612-9E5A-4AFE4D6A8F6E}.Release|ARM.ActiveCfg = Release|iPhoneSimulator
		{C160FC52-462A-4612-9E5A-4AFE4D6A8F6E}.Release|ARM64.ActiveCfg = Release|iPhoneSimulator
		{C160FC52-462A-4612-9E5A-4AFE4D6A8F6E}.Release|iPhone.ActiveCfg = Release|iPhoneSimulator
		{C160FC52-462A-4612-9E5A-4AFE4D6A8F6E}.Release|iPhoneSimulator.ActiveCfg = Release|iPhoneSimulator
		{C160FC52-462A-4612-9E5A-4AFE4D6A8F6E}.Release|iPhoneSimulator.Build.0 = Release|iPhoneSimulator
		{C160FC52-462A-4612-9E5A-4AFE4D6A8F6E}.Release|x64.ActiveCfg = Release|iPhoneSimulator
		{C160FC52-462A-4612-9E5A-4AFE4D6A8F6E}.Release|x86.ActiveCfg = Release|iPhoneSimulator
		{4A43C197-8DDF-4687-B708-777B26B51361}.Ad-Hoc|Any CPU.ActiveCfg = Debug|Any CPU
		{4A43C197-8DDF-4687-B708-777B26B51361}.Ad-Hoc|Any CPU.Build.0 = Debug|Any CPU
		{4A43C197-8DDF-4687-B708-777B26B51361}.Ad-Hoc|ARM.ActiveCfg = Debug|Any CPU
		{4A43C197-8DDF-4687-B708-777B26B51361}.Ad-Hoc|ARM.Build.0 = Debug|Any CPU
		{4A43C197-8DDF-4687-B708-777B26B51361}.Ad-Hoc|ARM64.ActiveCfg = Debug|Any CPU
		{4A43C197-8DDF-4687-B708-777B26B51361}.Ad-Hoc|ARM64.Build.0 = Debug|Any CPU
		{4A43C197-8DDF-4687-B708-777B26B51361}.Ad-Hoc|iPhone.ActiveCfg = Debug|Any CPU
		{4A43C197-8DDF-4687-B708-777B26B51361}.Ad-Hoc|iPhone.Build.0 = Debug|Any CPU
		{4A43C197-8DDF-4687-B708-777B26B51361}.Ad-Hoc|iPhoneSimulator.ActiveCfg = Debug|Any CPU
		{4A43C197-8DDF-4687-B708-777B26B51361}.Ad-Hoc|iPhoneSimulator.Build.0 = Debug|Any CPU
		{4A43C197-8DDF-4687-B708-777B26B51361}.Ad-Hoc|x64.ActiveCfg = Debug|Any CPU
		{4A43C197-8DDF-4687-B708-777B26B51361}.Ad-Hoc|x64.Build.0 = Debug|Any CPU
		{4A43C197-8DDF-4687-B708-777B26B51361}.Ad-Hoc|x86.ActiveCfg = Debug|Any CPU
		{4A43C197-8DDF-4687-B708-777B26B51361}.Ad-Hoc|x86.Build.0 = Debug|Any CPU
		{4A43C197-8DDF-4687-B708-777B26B51361}.AppStore|Any CPU.ActiveCfg = Debug|Any CPU
		{4A43C197-8DDF-4687-B708-777B26B51361}.AppStore|Any CPU.Build.0 = Debug|Any CPU
		{4A43C197-8DDF-4687-B708-777B26B51361}.AppStore|ARM.ActiveCfg = Debug|Any CPU
		{4A43C197-8DDF-4687-B708-777B26B51361}.AppStore|ARM.Build.0 = Debug|Any CPU
		{4A43C197-8DDF-4687-B708-777B26B51361}.AppStore|ARM64.ActiveCfg = Debug|Any CPU
		{4A43C197-8DDF-4687-B708-777B26B51361}.AppStore|ARM64.Build.0 = Debug|Any CPU
		{4A43C197-8DDF-4687-B708-777B26B51361}.AppStore|iPhone.ActiveCfg = Debug|Any CPU
		{4A43C197-8DDF-4687-B708-777B26B51361}.AppStore|iPhone.Build.0 = Debug|Any CPU
		{4A43C197-8DDF-4687-B708-777B26B51361}.AppStore|iPhoneSimulator.ActiveCfg = Debug|Any CPU
		{4A43C197-8DDF-4687-B708-777B26B51361}.AppStore|iPhoneSimulator.Build.0 = Debug|Any CPU
		{4A43C197-8DDF-4687-B708-777B26B51361}.AppStore|x64.ActiveCfg = Debug|Any CPU
		{4A43C197-8DDF-4687-B708-777B26B51361}.AppStore|x64.Build.0 = Debug|Any CPU
		{4A43C197-8DDF-4687-B708-777B26B51361}.AppStore|x86.ActiveCfg = Debug|Any CPU
		{4A43C197-8DDF-4687-B708-777B26B51361}.AppStore|x86.Build.0 = Debug|Any CPU
		{4A43C197-8DDF-4687-B708-777B26B51361}.Debug|Any CPU.ActiveCfg = Debug|Any CPU
		{4A43C197-8DDF-4687-B708-777B26B51361}.Debug|Any CPU.Build.0 = Debug|Any CPU
		{4A43C197-8DDF-4687-B708-777B26B51361}.Debug|ARM.ActiveCfg = Debug|Any CPU
		{4A43C197-8DDF-4687-B708-777B26B51361}.Debug|ARM.Build.0 = Debug|Any CPU
		{4A43C197-8DDF-4687-B708-777B26B51361}.Debug|ARM64.ActiveCfg = Debug|Any CPU
		{4A43C197-8DDF-4687-B708-777B26B51361}.Debug|ARM64.Build.0 = Debug|Any CPU
		{4A43C197-8DDF-4687-B708-777B26B51361}.Debug|iPhone.ActiveCfg = Debug|Any CPU
		{4A43C197-8DDF-4687-B708-777B26B51361}.Debug|iPhone.Build.0 = Debug|Any CPU
		{4A43C197-8DDF-4687-B708-777B26B51361}.Debug|iPhoneSimulator.ActiveCfg = Debug|Any CPU
		{4A43C197-8DDF-4687-B708-777B26B51361}.Debug|iPhoneSimulator.Build.0 = Debug|Any CPU
		{4A43C197-8DDF-4687-B708-777B26B51361}.Debug|x64.ActiveCfg = Debug|Any CPU
		{4A43C197-8DDF-4687-B708-777B26B51361}.Debug|x64.Build.0 = Debug|Any CPU
		{4A43C197-8DDF-4687-B708-777B26B51361}.Debug|x86.ActiveCfg = Debug|Any CPU
		{4A43C197-8DDF-4687-B708-777B26B51361}.Debug|x86.Build.0 = Debug|Any CPU
		{4A43C197-8DDF-4687-B708-777B26B51361}.Release|Any CPU.ActiveCfg = Release|Any CPU
		{4A43C197-8DDF-4687-B708-777B26B51361}.Release|Any CPU.Build.0 = Release|Any CPU
		{4A43C197-8DDF-4687-B708-777B26B51361}.Release|ARM.ActiveCfg = Release|Any CPU
		{4A43C197-8DDF-4687-B708-777B26B51361}.Release|ARM.Build.0 = Release|Any CPU
		{4A43C197-8DDF-4687-B708-777B26B51361}.Release|ARM64.ActiveCfg = Release|Any CPU
		{4A43C197-8DDF-4687-B708-777B26B51361}.Release|ARM64.Build.0 = Release|Any CPU
		{4A43C197-8DDF-4687-B708-777B26B51361}.Release|iPhone.ActiveCfg = Release|Any CPU
		{4A43C197-8DDF-4687-B708-777B26B51361}.Release|iPhone.Build.0 = Release|Any CPU
		{4A43C197-8DDF-4687-B708-777B26B51361}.Release|iPhoneSimulator.ActiveCfg = Release|Any CPU
		{4A43C197-8DDF-4687-B708-777B26B51361}.Release|iPhoneSimulator.Build.0 = Release|Any CPU
		{4A43C197-8DDF-4687-B708-777B26B51361}.Release|x64.ActiveCfg = Release|Any CPU
		{4A43C197-8DDF-4687-B708-777B26B51361}.Release|x64.Build.0 = Release|Any CPU
		{4A43C197-8DDF-4687-B708-777B26B51361}.Release|x86.ActiveCfg = Release|Any CPU
		{4A43C197-8DDF-4687-B708-777B26B51361}.Release|x86.Build.0 = Release|Any CPU
		{CBCF6E9F-5384-4CEF-A1AE-277A4BDADAC7}.Ad-Hoc|Any CPU.ActiveCfg = Debug|Any CPU
		{CBCF6E9F-5384-4CEF-A1AE-277A4BDADAC7}.Ad-Hoc|Any CPU.Build.0 = Debug|Any CPU
		{CBCF6E9F-5384-4CEF-A1AE-277A4BDADAC7}.Ad-Hoc|ARM.ActiveCfg = Debug|Any CPU
		{CBCF6E9F-5384-4CEF-A1AE-277A4BDADAC7}.Ad-Hoc|ARM.Build.0 = Debug|Any CPU
		{CBCF6E9F-5384-4CEF-A1AE-277A4BDADAC7}.Ad-Hoc|ARM64.ActiveCfg = Debug|Any CPU
		{CBCF6E9F-5384-4CEF-A1AE-277A4BDADAC7}.Ad-Hoc|ARM64.Build.0 = Debug|Any CPU
		{CBCF6E9F-5384-4CEF-A1AE-277A4BDADAC7}.Ad-Hoc|iPhone.ActiveCfg = Debug|Any CPU
		{CBCF6E9F-5384-4CEF-A1AE-277A4BDADAC7}.Ad-Hoc|iPhone.Build.0 = Debug|Any CPU
		{CBCF6E9F-5384-4CEF-A1AE-277A4BDADAC7}.Ad-Hoc|iPhoneSimulator.ActiveCfg = Debug|Any CPU
		{CBCF6E9F-5384-4CEF-A1AE-277A4BDADAC7}.Ad-Hoc|iPhoneSimulator.Build.0 = Debug|Any CPU
		{CBCF6E9F-5384-4CEF-A1AE-277A4BDADAC7}.Ad-Hoc|x64.ActiveCfg = Debug|Any CPU
		{CBCF6E9F-5384-4CEF-A1AE-277A4BDADAC7}.Ad-Hoc|x64.Build.0 = Debug|Any CPU
		{CBCF6E9F-5384-4CEF-A1AE-277A4BDADAC7}.Ad-Hoc|x86.ActiveCfg = Debug|Any CPU
		{CBCF6E9F-5384-4CEF-A1AE-277A4BDADAC7}.Ad-Hoc|x86.Build.0 = Debug|Any CPU
		{CBCF6E9F-5384-4CEF-A1AE-277A4BDADAC7}.AppStore|Any CPU.ActiveCfg = Debug|Any CPU
		{CBCF6E9F-5384-4CEF-A1AE-277A4BDADAC7}.AppStore|Any CPU.Build.0 = Debug|Any CPU
		{CBCF6E9F-5384-4CEF-A1AE-277A4BDADAC7}.AppStore|ARM.ActiveCfg = Debug|Any CPU
		{CBCF6E9F-5384-4CEF-A1AE-277A4BDADAC7}.AppStore|ARM.Build.0 = Debug|Any CPU
		{CBCF6E9F-5384-4CEF-A1AE-277A4BDADAC7}.AppStore|ARM64.ActiveCfg = Debug|Any CPU
		{CBCF6E9F-5384-4CEF-A1AE-277A4BDADAC7}.AppStore|ARM64.Build.0 = Debug|Any CPU
		{CBCF6E9F-5384-4CEF-A1AE-277A4BDADAC7}.AppStore|iPhone.ActiveCfg = Debug|Any CPU
		{CBCF6E9F-5384-4CEF-A1AE-277A4BDADAC7}.AppStore|iPhone.Build.0 = Debug|Any CPU
		{CBCF6E9F-5384-4CEF-A1AE-277A4BDADAC7}.AppStore|iPhoneSimulator.ActiveCfg = Debug|Any CPU
		{CBCF6E9F-5384-4CEF-A1AE-277A4BDADAC7}.AppStore|iPhoneSimulator.Build.0 = Debug|Any CPU
		{CBCF6E9F-5384-4CEF-A1AE-277A4BDADAC7}.AppStore|x64.ActiveCfg = Debug|Any CPU
		{CBCF6E9F-5384-4CEF-A1AE-277A4BDADAC7}.AppStore|x64.Build.0 = Debug|Any CPU
		{CBCF6E9F-5384-4CEF-A1AE-277A4BDADAC7}.AppStore|x86.ActiveCfg = Debug|Any CPU
		{CBCF6E9F-5384-4CEF-A1AE-277A4BDADAC7}.AppStore|x86.Build.0 = Debug|Any CPU
		{CBCF6E9F-5384-4CEF-A1AE-277A4BDADAC7}.Debug|Any CPU.ActiveCfg = Debug|Any CPU
		{CBCF6E9F-5384-4CEF-A1AE-277A4BDADAC7}.Debug|Any CPU.Build.0 = Debug|Any CPU
		{CBCF6E9F-5384-4CEF-A1AE-277A4BDADAC7}.Debug|ARM.ActiveCfg = Debug|Any CPU
		{CBCF6E9F-5384-4CEF-A1AE-277A4BDADAC7}.Debug|ARM.Build.0 = Debug|Any CPU
		{CBCF6E9F-5384-4CEF-A1AE-277A4BDADAC7}.Debug|ARM64.ActiveCfg = Debug|Any CPU
		{CBCF6E9F-5384-4CEF-A1AE-277A4BDADAC7}.Debug|ARM64.Build.0 = Debug|Any CPU
		{CBCF6E9F-5384-4CEF-A1AE-277A4BDADAC7}.Debug|iPhone.ActiveCfg = Debug|Any CPU
		{CBCF6E9F-5384-4CEF-A1AE-277A4BDADAC7}.Debug|iPhone.Build.0 = Debug|Any CPU
		{CBCF6E9F-5384-4CEF-A1AE-277A4BDADAC7}.Debug|iPhoneSimulator.ActiveCfg = Debug|Any CPU
		{CBCF6E9F-5384-4CEF-A1AE-277A4BDADAC7}.Debug|iPhoneSimulator.Build.0 = Debug|Any CPU
		{CBCF6E9F-5384-4CEF-A1AE-277A4BDADAC7}.Debug|x64.ActiveCfg = Debug|Any CPU
		{CBCF6E9F-5384-4CEF-A1AE-277A4BDADAC7}.Debug|x64.Build.0 = Debug|Any CPU
		{CBCF6E9F-5384-4CEF-A1AE-277A4BDADAC7}.Debug|x86.ActiveCfg = Debug|Any CPU
		{CBCF6E9F-5384-4CEF-A1AE-277A4BDADAC7}.Debug|x86.Build.0 = Debug|Any CPU
		{CBCF6E9F-5384-4CEF-A1AE-277A4BDADAC7}.Release|Any CPU.ActiveCfg = Release|Any CPU
		{CBCF6E9F-5384-4CEF-A1AE-277A4BDADAC7}.Release|Any CPU.Build.0 = Release|Any CPU
		{CBCF6E9F-5384-4CEF-A1AE-277A4BDADAC7}.Release|ARM.ActiveCfg = Release|Any CPU
		{CBCF6E9F-5384-4CEF-A1AE-277A4BDADAC7}.Release|ARM.Build.0 = Release|Any CPU
		{CBCF6E9F-5384-4CEF-A1AE-277A4BDADAC7}.Release|ARM64.ActiveCfg = Release|Any CPU
		{CBCF6E9F-5384-4CEF-A1AE-277A4BDADAC7}.Release|ARM64.Build.0 = Release|Any CPU
		{CBCF6E9F-5384-4CEF-A1AE-277A4BDADAC7}.Release|iPhone.ActiveCfg = Release|Any CPU
		{CBCF6E9F-5384-4CEF-A1AE-277A4BDADAC7}.Release|iPhone.Build.0 = Release|Any CPU
		{CBCF6E9F-5384-4CEF-A1AE-277A4BDADAC7}.Release|iPhoneSimulator.ActiveCfg = Release|Any CPU
		{CBCF6E9F-5384-4CEF-A1AE-277A4BDADAC7}.Release|iPhoneSimulator.Build.0 = Release|Any CPU
		{CBCF6E9F-5384-4CEF-A1AE-277A4BDADAC7}.Release|x64.ActiveCfg = Release|Any CPU
		{CBCF6E9F-5384-4CEF-A1AE-277A4BDADAC7}.Release|x64.Build.0 = Release|Any CPU
		{CBCF6E9F-5384-4CEF-A1AE-277A4BDADAC7}.Release|x86.ActiveCfg = Release|Any CPU
		{CBCF6E9F-5384-4CEF-A1AE-277A4BDADAC7}.Release|x86.Build.0 = Release|Any CPU
		{292A608C-8E72-438A-8EF4-A18B44A96518}.Ad-Hoc|Any CPU.ActiveCfg = Debug|Any CPU
		{292A608C-8E72-438A-8EF4-A18B44A96518}.Ad-Hoc|Any CPU.Build.0 = Debug|Any CPU
		{292A608C-8E72-438A-8EF4-A18B44A96518}.Ad-Hoc|ARM.ActiveCfg = Debug|Any CPU
		{292A608C-8E72-438A-8EF4-A18B44A96518}.Ad-Hoc|ARM.Build.0 = Debug|Any CPU
		{292A608C-8E72-438A-8EF4-A18B44A96518}.Ad-Hoc|ARM64.ActiveCfg = Debug|Any CPU
		{292A608C-8E72-438A-8EF4-A18B44A96518}.Ad-Hoc|ARM64.Build.0 = Debug|Any CPU
		{292A608C-8E72-438A-8EF4-A18B44A96518}.Ad-Hoc|iPhone.ActiveCfg = Debug|Any CPU
		{292A608C-8E72-438A-8EF4-A18B44A96518}.Ad-Hoc|iPhone.Build.0 = Debug|Any CPU
		{292A608C-8E72-438A-8EF4-A18B44A96518}.Ad-Hoc|iPhoneSimulator.ActiveCfg = Debug|Any CPU
		{292A608C-8E72-438A-8EF4-A18B44A96518}.Ad-Hoc|iPhoneSimulator.Build.0 = Debug|Any CPU
		{292A608C-8E72-438A-8EF4-A18B44A96518}.Ad-Hoc|x64.ActiveCfg = Debug|Any CPU
		{292A608C-8E72-438A-8EF4-A18B44A96518}.Ad-Hoc|x64.Build.0 = Debug|Any CPU
		{292A608C-8E72-438A-8EF4-A18B44A96518}.Ad-Hoc|x86.ActiveCfg = Debug|Any CPU
		{292A608C-8E72-438A-8EF4-A18B44A96518}.Ad-Hoc|x86.Build.0 = Debug|Any CPU
		{292A608C-8E72-438A-8EF4-A18B44A96518}.AppStore|Any CPU.ActiveCfg = Debug|Any CPU
		{292A608C-8E72-438A-8EF4-A18B44A96518}.AppStore|Any CPU.Build.0 = Debug|Any CPU
		{292A608C-8E72-438A-8EF4-A18B44A96518}.AppStore|ARM.ActiveCfg = Debug|Any CPU
		{292A608C-8E72-438A-8EF4-A18B44A96518}.AppStore|ARM.Build.0 = Debug|Any CPU
		{292A608C-8E72-438A-8EF4-A18B44A96518}.AppStore|ARM64.ActiveCfg = Debug|Any CPU
		{292A608C-8E72-438A-8EF4-A18B44A96518}.AppStore|ARM64.Build.0 = Debug|Any CPU
		{292A608C-8E72-438A-8EF4-A18B44A96518}.AppStore|iPhone.ActiveCfg = Debug|Any CPU
		{292A608C-8E72-438A-8EF4-A18B44A96518}.AppStore|iPhone.Build.0 = Debug|Any CPU
		{292A608C-8E72-438A-8EF4-A18B44A96518}.AppStore|iPhoneSimulator.ActiveCfg = Debug|Any CPU
		{292A608C-8E72-438A-8EF4-A18B44A96518}.AppStore|iPhoneSimulator.Build.0 = Debug|Any CPU
		{292A608C-8E72-438A-8EF4-A18B44A96518}.AppStore|x64.ActiveCfg = Debug|Any CPU
		{292A608C-8E72-438A-8EF4-A18B44A96518}.AppStore|x64.Build.0 = Debug|Any CPU
		{292A608C-8E72-438A-8EF4-A18B44A96518}.AppStore|x86.ActiveCfg = Debug|Any CPU
		{292A608C-8E72-438A-8EF4-A18B44A96518}.AppStore|x86.Build.0 = Debug|Any CPU
		{292A608C-8E72-438A-8EF4-A18B44A96518}.Debug|Any CPU.ActiveCfg = Debug|Any CPU
		{292A608C-8E72-438A-8EF4-A18B44A96518}.Debug|Any CPU.Build.0 = Debug|Any CPU
		{292A608C-8E72-438A-8EF4-A18B44A96518}.Debug|ARM.ActiveCfg = Debug|Any CPU
		{292A608C-8E72-438A-8EF4-A18B44A96518}.Debug|ARM.Build.0 = Debug|Any CPU
		{292A608C-8E72-438A-8EF4-A18B44A96518}.Debug|ARM64.ActiveCfg = Debug|Any CPU
		{292A608C-8E72-438A-8EF4-A18B44A96518}.Debug|ARM64.Build.0 = Debug|Any CPU
		{292A608C-8E72-438A-8EF4-A18B44A96518}.Debug|iPhone.ActiveCfg = Debug|Any CPU
		{292A608C-8E72-438A-8EF4-A18B44A96518}.Debug|iPhone.Build.0 = Debug|Any CPU
		{292A608C-8E72-438A-8EF4-A18B44A96518}.Debug|iPhoneSimulator.ActiveCfg = Debug|Any CPU
		{292A608C-8E72-438A-8EF4-A18B44A96518}.Debug|iPhoneSimulator.Build.0 = Debug|Any CPU
		{292A608C-8E72-438A-8EF4-A18B44A96518}.Debug|x64.ActiveCfg = Debug|Any CPU
		{292A608C-8E72-438A-8EF4-A18B44A96518}.Debug|x64.Build.0 = Debug|Any CPU
		{292A608C-8E72-438A-8EF4-A18B44A96518}.Debug|x86.ActiveCfg = Debug|Any CPU
		{292A608C-8E72-438A-8EF4-A18B44A96518}.Debug|x86.Build.0 = Debug|Any CPU
		{292A608C-8E72-438A-8EF4-A18B44A96518}.Release|Any CPU.ActiveCfg = Release|Any CPU
		{292A608C-8E72-438A-8EF4-A18B44A96518}.Release|Any CPU.Build.0 = Release|Any CPU
		{292A608C-8E72-438A-8EF4-A18B44A96518}.Release|ARM.ActiveCfg = Release|Any CPU
		{292A608C-8E72-438A-8EF4-A18B44A96518}.Release|ARM.Build.0 = Release|Any CPU
		{292A608C-8E72-438A-8EF4-A18B44A96518}.Release|ARM64.ActiveCfg = Release|Any CPU
		{292A608C-8E72-438A-8EF4-A18B44A96518}.Release|ARM64.Build.0 = Release|Any CPU
		{292A608C-8E72-438A-8EF4-A18B44A96518}.Release|iPhone.ActiveCfg = Release|Any CPU
		{292A608C-8E72-438A-8EF4-A18B44A96518}.Release|iPhone.Build.0 = Release|Any CPU
		{292A608C-8E72-438A-8EF4-A18B44A96518}.Release|iPhoneSimulator.ActiveCfg = Release|Any CPU
		{292A608C-8E72-438A-8EF4-A18B44A96518}.Release|iPhoneSimulator.Build.0 = Release|Any CPU
		{292A608C-8E72-438A-8EF4-A18B44A96518}.Release|x64.ActiveCfg = Release|Any CPU
		{292A608C-8E72-438A-8EF4-A18B44A96518}.Release|x64.Build.0 = Release|Any CPU
		{292A608C-8E72-438A-8EF4-A18B44A96518}.Release|x86.ActiveCfg = Release|Any CPU
		{292A608C-8E72-438A-8EF4-A18B44A96518}.Release|x86.Build.0 = Release|Any CPU
		{245C6C3F-8607-44FB-9DA6-BBD5B667D1A0}.Ad-Hoc|Any CPU.ActiveCfg = Debug|Any CPU
		{245C6C3F-8607-44FB-9DA6-BBD5B667D1A0}.Ad-Hoc|Any CPU.Build.0 = Debug|Any CPU
		{245C6C3F-8607-44FB-9DA6-BBD5B667D1A0}.Ad-Hoc|ARM.ActiveCfg = Debug|Any CPU
		{245C6C3F-8607-44FB-9DA6-BBD5B667D1A0}.Ad-Hoc|ARM.Build.0 = Debug|Any CPU
		{245C6C3F-8607-44FB-9DA6-BBD5B667D1A0}.Ad-Hoc|ARM64.ActiveCfg = Debug|Any CPU
		{245C6C3F-8607-44FB-9DA6-BBD5B667D1A0}.Ad-Hoc|ARM64.Build.0 = Debug|Any CPU
		{245C6C3F-8607-44FB-9DA6-BBD5B667D1A0}.Ad-Hoc|iPhone.ActiveCfg = Debug|Any CPU
		{245C6C3F-8607-44FB-9DA6-BBD5B667D1A0}.Ad-Hoc|iPhone.Build.0 = Debug|Any CPU
		{245C6C3F-8607-44FB-9DA6-BBD5B667D1A0}.Ad-Hoc|iPhoneSimulator.ActiveCfg = Debug|Any CPU
		{245C6C3F-8607-44FB-9DA6-BBD5B667D1A0}.Ad-Hoc|iPhoneSimulator.Build.0 = Debug|Any CPU
		{245C6C3F-8607-44FB-9DA6-BBD5B667D1A0}.Ad-Hoc|x64.ActiveCfg = Debug|Any CPU
		{245C6C3F-8607-44FB-9DA6-BBD5B667D1A0}.Ad-Hoc|x64.Build.0 = Debug|Any CPU
		{245C6C3F-8607-44FB-9DA6-BBD5B667D1A0}.Ad-Hoc|x86.ActiveCfg = Debug|Any CPU
		{245C6C3F-8607-44FB-9DA6-BBD5B667D1A0}.Ad-Hoc|x86.Build.0 = Debug|Any CPU
		{245C6C3F-8607-44FB-9DA6-BBD5B667D1A0}.AppStore|Any CPU.ActiveCfg = Debug|Any CPU
		{245C6C3F-8607-44FB-9DA6-BBD5B667D1A0}.AppStore|Any CPU.Build.0 = Debug|Any CPU
		{245C6C3F-8607-44FB-9DA6-BBD5B667D1A0}.AppStore|ARM.ActiveCfg = Debug|Any CPU
		{245C6C3F-8607-44FB-9DA6-BBD5B667D1A0}.AppStore|ARM.Build.0 = Debug|Any CPU
		{245C6C3F-8607-44FB-9DA6-BBD5B667D1A0}.AppStore|ARM64.ActiveCfg = Debug|Any CPU
		{245C6C3F-8607-44FB-9DA6-BBD5B667D1A0}.AppStore|ARM64.Build.0 = Debug|Any CPU
		{245C6C3F-8607-44FB-9DA6-BBD5B667D1A0}.AppStore|iPhone.ActiveCfg = Debug|Any CPU
		{245C6C3F-8607-44FB-9DA6-BBD5B667D1A0}.AppStore|iPhone.Build.0 = Debug|Any CPU
		{245C6C3F-8607-44FB-9DA6-BBD5B667D1A0}.AppStore|iPhoneSimulator.ActiveCfg = Debug|Any CPU
		{245C6C3F-8607-44FB-9DA6-BBD5B667D1A0}.AppStore|iPhoneSimulator.Build.0 = Debug|Any CPU
		{245C6C3F-8607-44FB-9DA6-BBD5B667D1A0}.AppStore|x64.ActiveCfg = Debug|Any CPU
		{245C6C3F-8607-44FB-9DA6-BBD5B667D1A0}.AppStore|x64.Build.0 = Debug|Any CPU
		{245C6C3F-8607-44FB-9DA6-BBD5B667D1A0}.AppStore|x86.ActiveCfg = Debug|Any CPU
		{245C6C3F-8607-44FB-9DA6-BBD5B667D1A0}.AppStore|x86.Build.0 = Debug|Any CPU
		{245C6C3F-8607-44FB-9DA6-BBD5B667D1A0}.Debug|Any CPU.ActiveCfg = Debug|Any CPU
		{245C6C3F-8607-44FB-9DA6-BBD5B667D1A0}.Debug|Any CPU.Build.0 = Debug|Any CPU
		{245C6C3F-8607-44FB-9DA6-BBD5B667D1A0}.Debug|ARM.ActiveCfg = Debug|Any CPU
		{245C6C3F-8607-44FB-9DA6-BBD5B667D1A0}.Debug|ARM.Build.0 = Debug|Any CPU
		{245C6C3F-8607-44FB-9DA6-BBD5B667D1A0}.Debug|ARM64.ActiveCfg = Debug|Any CPU
		{245C6C3F-8607-44FB-9DA6-BBD5B667D1A0}.Debug|ARM64.Build.0 = Debug|Any CPU
		{245C6C3F-8607-44FB-9DA6-BBD5B667D1A0}.Debug|iPhone.ActiveCfg = Debug|Any CPU
		{245C6C3F-8607-44FB-9DA6-BBD5B667D1A0}.Debug|iPhone.Build.0 = Debug|Any CPU
		{245C6C3F-8607-44FB-9DA6-BBD5B667D1A0}.Debug|iPhoneSimulator.ActiveCfg = Debug|Any CPU
		{245C6C3F-8607-44FB-9DA6-BBD5B667D1A0}.Debug|iPhoneSimulator.Build.0 = Debug|Any CPU
		{245C6C3F-8607-44FB-9DA6-BBD5B667D1A0}.Debug|x64.ActiveCfg = Debug|Any CPU
		{245C6C3F-8607-44FB-9DA6-BBD5B667D1A0}.Debug|x64.Build.0 = Debug|Any CPU
		{245C6C3F-8607-44FB-9DA6-BBD5B667D1A0}.Debug|x86.ActiveCfg = Debug|Any CPU
		{245C6C3F-8607-44FB-9DA6-BBD5B667D1A0}.Debug|x86.Build.0 = Debug|Any CPU
		{245C6C3F-8607-44FB-9DA6-BBD5B667D1A0}.Release|Any CPU.ActiveCfg = Release|Any CPU
		{245C6C3F-8607-44FB-9DA6-BBD5B667D1A0}.Release|Any CPU.Build.0 = Release|Any CPU
		{245C6C3F-8607-44FB-9DA6-BBD5B667D1A0}.Release|ARM.ActiveCfg = Release|Any CPU
		{245C6C3F-8607-44FB-9DA6-BBD5B667D1A0}.Release|ARM.Build.0 = Release|Any CPU
		{245C6C3F-8607-44FB-9DA6-BBD5B667D1A0}.Release|ARM64.ActiveCfg = Release|Any CPU
		{245C6C3F-8607-44FB-9DA6-BBD5B667D1A0}.Release|ARM64.Build.0 = Release|Any CPU
		{245C6C3F-8607-44FB-9DA6-BBD5B667D1A0}.Release|iPhone.ActiveCfg = Release|Any CPU
		{245C6C3F-8607-44FB-9DA6-BBD5B667D1A0}.Release|iPhone.Build.0 = Release|Any CPU
		{245C6C3F-8607-44FB-9DA6-BBD5B667D1A0}.Release|iPhoneSimulator.ActiveCfg = Release|Any CPU
		{245C6C3F-8607-44FB-9DA6-BBD5B667D1A0}.Release|iPhoneSimulator.Build.0 = Release|Any CPU
		{245C6C3F-8607-44FB-9DA6-BBD5B667D1A0}.Release|x64.ActiveCfg = Release|Any CPU
		{245C6C3F-8607-44FB-9DA6-BBD5B667D1A0}.Release|x64.Build.0 = Release|Any CPU
		{245C6C3F-8607-44FB-9DA6-BBD5B667D1A0}.Release|x86.ActiveCfg = Release|Any CPU
		{245C6C3F-8607-44FB-9DA6-BBD5B667D1A0}.Release|x86.Build.0 = Release|Any CPU
		{62787875-1F76-4B5E-9AC1-343755B36A56}.Ad-Hoc|Any CPU.ActiveCfg = Debug|Any CPU
		{62787875-1F76-4B5E-9AC1-343755B36A56}.Ad-Hoc|Any CPU.Build.0 = Debug|Any CPU
		{62787875-1F76-4B5E-9AC1-343755B36A56}.Ad-Hoc|ARM.ActiveCfg = Debug|Any CPU
		{62787875-1F76-4B5E-9AC1-343755B36A56}.Ad-Hoc|ARM.Build.0 = Debug|Any CPU
		{62787875-1F76-4B5E-9AC1-343755B36A56}.Ad-Hoc|ARM64.ActiveCfg = Debug|Any CPU
		{62787875-1F76-4B5E-9AC1-343755B36A56}.Ad-Hoc|ARM64.Build.0 = Debug|Any CPU
		{62787875-1F76-4B5E-9AC1-343755B36A56}.Ad-Hoc|iPhone.ActiveCfg = Debug|Any CPU
		{62787875-1F76-4B5E-9AC1-343755B36A56}.Ad-Hoc|iPhone.Build.0 = Debug|Any CPU
		{62787875-1F76-4B5E-9AC1-343755B36A56}.Ad-Hoc|iPhoneSimulator.ActiveCfg = Debug|Any CPU
		{62787875-1F76-4B5E-9AC1-343755B36A56}.Ad-Hoc|iPhoneSimulator.Build.0 = Debug|Any CPU
		{62787875-1F76-4B5E-9AC1-343755B36A56}.Ad-Hoc|x64.ActiveCfg = Debug|Any CPU
		{62787875-1F76-4B5E-9AC1-343755B36A56}.Ad-Hoc|x64.Build.0 = Debug|Any CPU
		{62787875-1F76-4B5E-9AC1-343755B36A56}.Ad-Hoc|x86.ActiveCfg = Debug|Any CPU
		{62787875-1F76-4B5E-9AC1-343755B36A56}.Ad-Hoc|x86.Build.0 = Debug|Any CPU
		{62787875-1F76-4B5E-9AC1-343755B36A56}.AppStore|Any CPU.ActiveCfg = Debug|Any CPU
		{62787875-1F76-4B5E-9AC1-343755B36A56}.AppStore|Any CPU.Build.0 = Debug|Any CPU
		{62787875-1F76-4B5E-9AC1-343755B36A56}.AppStore|ARM.ActiveCfg = Debug|Any CPU
		{62787875-1F76-4B5E-9AC1-343755B36A56}.AppStore|ARM.Build.0 = Debug|Any CPU
		{62787875-1F76-4B5E-9AC1-343755B36A56}.AppStore|ARM64.ActiveCfg = Debug|Any CPU
		{62787875-1F76-4B5E-9AC1-343755B36A56}.AppStore|ARM64.Build.0 = Debug|Any CPU
		{62787875-1F76-4B5E-9AC1-343755B36A56}.AppStore|iPhone.ActiveCfg = Debug|Any CPU
		{62787875-1F76-4B5E-9AC1-343755B36A56}.AppStore|iPhone.Build.0 = Debug|Any CPU
		{62787875-1F76-4B5E-9AC1-343755B36A56}.AppStore|iPhoneSimulator.ActiveCfg = Debug|Any CPU
		{62787875-1F76-4B5E-9AC1-343755B36A56}.AppStore|iPhoneSimulator.Build.0 = Debug|Any CPU
		{62787875-1F76-4B5E-9AC1-343755B36A56}.AppStore|x64.ActiveCfg = Debug|Any CPU
		{62787875-1F76-4B5E-9AC1-343755B36A56}.AppStore|x64.Build.0 = Debug|Any CPU
		{62787875-1F76-4B5E-9AC1-343755B36A56}.AppStore|x86.ActiveCfg = Debug|Any CPU
		{62787875-1F76-4B5E-9AC1-343755B36A56}.AppStore|x86.Build.0 = Debug|Any CPU
		{62787875-1F76-4B5E-9AC1-343755B36A56}.Debug|Any CPU.ActiveCfg = Debug|Any CPU
		{62787875-1F76-4B5E-9AC1-343755B36A56}.Debug|Any CPU.Build.0 = Debug|Any CPU
		{62787875-1F76-4B5E-9AC1-343755B36A56}.Debug|ARM.ActiveCfg = Debug|Any CPU
		{62787875-1F76-4B5E-9AC1-343755B36A56}.Debug|ARM.Build.0 = Debug|Any CPU
		{62787875-1F76-4B5E-9AC1-343755B36A56}.Debug|ARM64.ActiveCfg = Debug|Any CPU
		{62787875-1F76-4B5E-9AC1-343755B36A56}.Debug|ARM64.Build.0 = Debug|Any CPU
		{62787875-1F76-4B5E-9AC1-343755B36A56}.Debug|iPhone.ActiveCfg = Debug|Any CPU
		{62787875-1F76-4B5E-9AC1-343755B36A56}.Debug|iPhone.Build.0 = Debug|Any CPU
		{62787875-1F76-4B5E-9AC1-343755B36A56}.Debug|iPhoneSimulator.ActiveCfg = Debug|Any CPU
		{62787875-1F76-4B5E-9AC1-343755B36A56}.Debug|iPhoneSimulator.Build.0 = Debug|Any CPU
		{62787875-1F76-4B5E-9AC1-343755B36A56}.Debug|x64.ActiveCfg = Debug|Any CPU
		{62787875-1F76-4B5E-9AC1-343755B36A56}.Debug|x64.Build.0 = Debug|Any CPU
		{62787875-1F76-4B5E-9AC1-343755B36A56}.Debug|x86.ActiveCfg = Debug|Any CPU
		{62787875-1F76-4B5E-9AC1-343755B36A56}.Debug|x86.Build.0 = Debug|Any CPU
		{62787875-1F76-4B5E-9AC1-343755B36A56}.Release|Any CPU.ActiveCfg = Release|Any CPU
		{62787875-1F76-4B5E-9AC1-343755B36A56}.Release|Any CPU.Build.0 = Release|Any CPU
		{62787875-1F76-4B5E-9AC1-343755B36A56}.Release|ARM.ActiveCfg = Release|Any CPU
		{62787875-1F76-4B5E-9AC1-343755B36A56}.Release|ARM.Build.0 = Release|Any CPU
		{62787875-1F76-4B5E-9AC1-343755B36A56}.Release|ARM64.ActiveCfg = Release|Any CPU
		{62787875-1F76-4B5E-9AC1-343755B36A56}.Release|ARM64.Build.0 = Release|Any CPU
		{62787875-1F76-4B5E-9AC1-343755B36A56}.Release|iPhone.ActiveCfg = Release|Any CPU
		{62787875-1F76-4B5E-9AC1-343755B36A56}.Release|iPhone.Build.0 = Release|Any CPU
		{62787875-1F76-4B5E-9AC1-343755B36A56}.Release|iPhoneSimulator.ActiveCfg = Release|Any CPU
		{62787875-1F76-4B5E-9AC1-343755B36A56}.Release|iPhoneSimulator.Build.0 = Release|Any CPU
		{62787875-1F76-4B5E-9AC1-343755B36A56}.Release|x64.ActiveCfg = Release|Any CPU
		{62787875-1F76-4B5E-9AC1-343755B36A56}.Release|x64.Build.0 = Release|Any CPU
		{62787875-1F76-4B5E-9AC1-343755B36A56}.Release|x86.ActiveCfg = Release|Any CPU
		{62787875-1F76-4B5E-9AC1-343755B36A56}.Release|x86.Build.0 = Release|Any CPU
	EndGlobalSection
	GlobalSection(SolutionProperties) = preSolution
		HideSolutionNode = FALSE
	EndGlobalSection
	GlobalSection(NestedProjects) = preSolution
		{7FC4B1C6-6EF8-4E1F-8EEC-72208CDB130F} = {D3120CC3-4877-4B38-95B4-E3D027AC3994}
		{8F616F15-BB87-48E5-B6F0-D93FF64529DB} = {D3120CC3-4877-4B38-95B4-E3D027AC3994}
		{BCC17F7B-D752-4ACC-BEA2-FC224E63D7D1} = {D3120CC3-4877-4B38-95B4-E3D027AC3994}
		{36EF352A-A864-4E31-834F-368C6034EF71} = {D3120CC3-4877-4B38-95B4-E3D027AC3994}
		{C160FC52-462A-4612-9E5A-4AFE4D6A8F6E} = {D3120CC3-4877-4B38-95B4-E3D027AC3994}
		{4A43C197-8DDF-4687-B708-777B26B51361} = {D3120CC3-4877-4B38-95B4-E3D027AC3994}
		{CBCF6E9F-5384-4CEF-A1AE-277A4BDADAC7} = {D3120CC3-4877-4B38-95B4-E3D027AC3994}
		{292A608C-8E72-438A-8EF4-A18B44A96518} = {D3120CC3-4877-4B38-95B4-E3D027AC3994}
		{245C6C3F-8607-44FB-9DA6-BBD5B667D1A0} = {D3120CC3-4877-4B38-95B4-E3D027AC3994}
	EndGlobalSection
	GlobalSection(ExtensibilityGlobals) = postSolution
		SolutionGuid = {1C5ED3EF-78BA-4C87-B451-D4D42487FFD1}
	EndGlobalSection
EndGlobal
